
Microsoft Visual Studio Solution File, Format Version 12.00
# Visual Studio Version 17
VisualStudioVersion = 17.7.34202.233
MinimumVisualStudioVersion = 10.0.40219.1
Project("{FAE04EC0-301F-11D3-BF4B-00C04F79EFBC}") = "Bloggeren.Web", "Bloggeren.Web\Bloggeren.Web.csproj", "{D3D0E2CF-4BA2-4CEC-B6E1-448F032C0DBC}"
EndProject
Global
	GlobalSection(SolutionConfigurationPlatforms) = preSolution
		Debug|Any CPU = Debug|Any CPU
		Release|Any CPU = Release|Any CPU
	EndGlobalSection
	GlobalSection(ProjectConfigurationPlatforms) = postSolution
		{D3D0E2CF-4BA2-4CEC-B6E1-448F032C0DBC}.Debug|Any CPU.ActiveCfg = Debug|Any CPU
		{D3D0E2CF-4BA2-4CEC-B6E1-448F032C0DBC}.Debug|Any CPU.Build.0 = Debug|Any CPU
		{D3D0E2CF-4BA2-4CEC-B6E1-448F032C0DBC}.Release|Any CPU.ActiveCfg = Release|Any CPU
		{D3D0E2CF-4BA2-4CEC-B6E1-448F032C0DBC}.Release|Any CPU.Build.0 = Release|Any CPU
	EndGlobalSection
	GlobalSection(SolutionProperties) = preSolution
		HideSolutionNode = FALSE
	EndGlobalSection
	GlobalSection(ExtensibilityGlobals) = postSolution
		SolutionGuid = {48C2612F-A1C0-4DA2-AF72-696167402A2A}
	EndGlobalSection
EndGlobal
